
Microsoft Visual Studio Solution File, Format Version 12.00
# Visual Studio Version 16
VisualStudioVersion = 16.0.31911.196
MinimumVisualStudioVersion = 10.0.40219.1
Project("{FAE04EC0-301F-11D3-BF4B-00C04F79EFBC}") = "DesignerPDF", "DesignerPDF.csproj", "{05687606-BFB0-45A7-B80A-F05B4F4C4FAB}"
EndProject
Global
	GlobalSection(SolutionConfigurationPlatforms) = preSolution
		Debug|Any CPU = Debug|Any CPU
		Release|Any CPU = Release|Any CPU
	EndGlobalSection
	GlobalSection(ProjectConfigurationPlatforms) = postSolution
		{05687606-BFB0-45A7-B80A-F05B4F4C4FAB}.Debug|Any CPU.ActiveCfg = Debug|Any CPU
		{05687606-BFB0-45A7-B80A-F05B4F4C4FAB}.Debug|Any CPU.Build.0 = Debug|Any CPU
		{05687606-BFB0-45A7-B80A-F05B4F4C4FAB}.Release|Any CPU.ActiveCfg = Release|Any CPU
		{05687606-BFB0-45A7-B80A-F05B4F4C4FAB}.Release|Any CPU.Build.0 = Release|Any CPU
	EndGlobalSection
	GlobalSection(SolutionProperties) = preSolution
		HideSolutionNode = FALSE
	EndGlobalSection
	GlobalSection(ExtensibilityGlobals) = postSolution
		SolutionGuid = {D1D2DD41-2976-4FB6-8EA0-D222F54DC78B}
	EndGlobalSection
EndGlobal
