
Microsoft Visual Studio Solution File, Format Version 12.00
# Visual Studio Version 16
VisualStudioVersion = 16.0.31911.196
MinimumVisualStudioVersion = 10.0.40219.1
Project("{9A19103F-16F7-4668-BE54-9A1E7A4F7556}") = "FilePractice-with-Deepti", "FilePractice-with-Deepti.csproj", "{47346322-2513-4560-A2CC-6B1A896D0922}"
EndProject
Project("{FAE04EC0-301F-11D3-BF4B-00C04F79EFBC}") = "JSON_Serialization practice", "..\JSON_Serialization practice\JSON_Serialization practice.csproj", "{3B5DA43A-497F-4A88-A74F-7F1D8FC2A3E6}"
EndProject
Global
	GlobalSection(SolutionConfigurationPlatforms) = preSolution
		Debug|Any CPU = Debug|Any CPU
		Release|Any CPU = Release|Any CPU
	EndGlobalSection
	GlobalSection(ProjectConfigurationPlatforms) = postSolution
		{47346322-2513-4560-A2CC-6B1A896D0922}.Debug|Any CPU.ActiveCfg = Debug|Any CPU
		{47346322-2513-4560-A2CC-6B1A896D0922}.Debug|Any CPU.Build.0 = Debug|Any CPU
		{47346322-2513-4560-A2CC-6B1A896D0922}.Release|Any CPU.ActiveCfg = Release|Any CPU
		{47346322-2513-4560-A2CC-6B1A896D0922}.Release|Any CPU.Build.0 = Release|Any CPU
		{3B5DA43A-497F-4A88-A74F-7F1D8FC2A3E6}.Debug|Any CPU.ActiveCfg = Debug|Any CPU
		{3B5DA43A-497F-4A88-A74F-7F1D8FC2A3E6}.Debug|Any CPU.Build.0 = Debug|Any CPU
		{3B5DA43A-497F-4A88-A74F-7F1D8FC2A3E6}.Release|Any CPU.ActiveCfg = Release|Any CPU
		{3B5DA43A-497F-4A88-A74F-7F1D8FC2A3E6}.Release|Any CPU.Build.0 = Release|Any CPU
	EndGlobalSection
	GlobalSection(SolutionProperties) = preSolution
		HideSolutionNode = FALSE
	EndGlobalSection
	GlobalSection(ExtensibilityGlobals) = postSolution
		SolutionGuid = {257DA818-9424-4A44-A40B-0F816229DCFE}
	EndGlobalSection
EndGlobal
