
Microsoft Visual Studio Solution File, Format Version 12.00
# Visual Studio Version 16
VisualStudioVersion = 16.0.31911.196
MinimumVisualStudioVersion = 10.0.40219.1
Project("{FAE04EC0-301F-11D3-BF4B-00C04F79EFBC}") = "MigratoryBirds - HackerRank", "MigratoryBirds - HackerRank.csproj", "{A72D6CA7-067B-47FA-B6A7-809D056F250B}"
EndProject
Global
	GlobalSection(SolutionConfigurationPlatforms) = preSolution
		Debug|Any CPU = Debug|Any CPU
		Release|Any CPU = Release|Any CPU
	EndGlobalSection
	GlobalSection(ProjectConfigurationPlatforms) = postSolution
		{A72D6CA7-067B-47FA-B6A7-809D056F250B}.Debug|Any CPU.ActiveCfg = Debug|Any CPU
		{A72D6CA7-067B-47FA-B6A7-809D056F250B}.Debug|Any CPU.Build.0 = Debug|Any CPU
		{A72D6CA7-067B-47FA-B6A7-809D056F250B}.Release|Any CPU.ActiveCfg = Release|Any CPU
		{A72D6CA7-067B-47FA-B6A7-809D056F250B}.Release|Any CPU.Build.0 = Release|Any CPU
	EndGlobalSection
	GlobalSection(SolutionProperties) = preSolution
		HideSolutionNode = FALSE
	EndGlobalSection
	GlobalSection(ExtensibilityGlobals) = postSolution
		SolutionGuid = {A8CD336D-EC73-43D3-B051-04E84D20AD4D}
	EndGlobalSection
EndGlobal
