
Microsoft Visual Studio Solution File, Format Version 12.00
# Visual Studio Version 16
VisualStudioVersion = 16.0.31911.196
MinimumVisualStudioVersion = 10.0.40219.1
Project("{9A19103F-16F7-4668-BE54-9A1E7A4F7556}") = "Client", "Client.csproj", "{C0AF2200-C7A0-4C31-A49A-F6E54D2CF7E3}"
EndProject
Project("{9A19103F-16F7-4668-BE54-9A1E7A4F7556}") = "Storage", "..\Client\Storage.csproj", "{8623B65F-5922-4781-84C5-329169E7BC09}"
EndProject
Project("{FAE04EC0-301F-11D3-BF4B-00C04F79EFBC}") = "Domain", "..\Domain\Domain.csproj", "{AA17990D-AC3A-49EB-8EA3-4FD7B2D92694}"
EndProject
Project("{FAE04EC0-301F-11D3-BF4B-00C04F79EFBC}") = "Models", "..\Models\Models.csproj", "{62271363-5FCC-41F2-A187-EC75D9AF427C}"
EndProject
Project("{FAE04EC0-301F-11D3-BF4B-00C04F79EFBC}") = "Testing", "..\Testing\Testing.csproj", "{E050A796-117B-4246-99DE-62AC2F9D2E60}"
EndProject
Global
	GlobalSection(SolutionConfigurationPlatforms) = preSolution
		Debug|Any CPU = Debug|Any CPU
		Release|Any CPU = Release|Any CPU
	EndGlobalSection
	GlobalSection(ProjectConfigurationPlatforms) = postSolution
		{C0AF2200-C7A0-4C31-A49A-F6E54D2CF7E3}.Debug|Any CPU.ActiveCfg = Debug|Any CPU
		{C0AF2200-C7A0-4C31-A49A-F6E54D2CF7E3}.Debug|Any CPU.Build.0 = Debug|Any CPU
		{C0AF2200-C7A0-4C31-A49A-F6E54D2CF7E3}.Release|Any CPU.ActiveCfg = Release|Any CPU
		{C0AF2200-C7A0-4C31-A49A-F6E54D2CF7E3}.Release|Any CPU.Build.0 = Release|Any CPU
		{8623B65F-5922-4781-84C5-329169E7BC09}.Debug|Any CPU.ActiveCfg = Debug|Any CPU
		{8623B65F-5922-4781-84C5-329169E7BC09}.Debug|Any CPU.Build.0 = Debug|Any CPU
		{8623B65F-5922-4781-84C5-329169E7BC09}.Release|Any CPU.ActiveCfg = Release|Any CPU
		{8623B65F-5922-4781-84C5-329169E7BC09}.Release|Any CPU.Build.0 = Release|Any CPU
		{AA17990D-AC3A-49EB-8EA3-4FD7B2D92694}.Debug|Any CPU.ActiveCfg = Debug|Any CPU
		{AA17990D-AC3A-49EB-8EA3-4FD7B2D92694}.Debug|Any CPU.Build.0 = Debug|Any CPU
		{AA17990D-AC3A-49EB-8EA3-4FD7B2D92694}.Release|Any CPU.ActiveCfg = Release|Any CPU
		{AA17990D-AC3A-49EB-8EA3-4FD7B2D92694}.Release|Any CPU.Build.0 = Release|Any CPU
		{62271363-5FCC-41F2-A187-EC75D9AF427C}.Debug|Any CPU.ActiveCfg = Debug|Any CPU
		{62271363-5FCC-41F2-A187-EC75D9AF427C}.Debug|Any CPU.Build.0 = Debug|Any CPU
		{62271363-5FCC-41F2-A187-EC75D9AF427C}.Release|Any CPU.ActiveCfg = Release|Any CPU
		{62271363-5FCC-41F2-A187-EC75D9AF427C}.Release|Any CPU.Build.0 = Release|Any CPU
		{E050A796-117B-4246-99DE-62AC2F9D2E60}.Debug|Any CPU.ActiveCfg = Debug|Any CPU
		{E050A796-117B-4246-99DE-62AC2F9D2E60}.Debug|Any CPU.Build.0 = Debug|Any CPU
		{E050A796-117B-4246-99DE-62AC2F9D2E60}.Release|Any CPU.ActiveCfg = Release|Any CPU
		{E050A796-117B-4246-99DE-62AC2F9D2E60}.Release|Any CPU.Build.0 = Release|Any CPU
	EndGlobalSection
	GlobalSection(SolutionProperties) = preSolution
		HideSolutionNode = FALSE
	EndGlobalSection
	GlobalSection(ExtensibilityGlobals) = postSolution
		SolutionGuid = {C4CAB906-1126-476F-87D2-C7AB313C0EAD}
	EndGlobalSection
EndGlobal
