
Microsoft Visual Studio Solution File, Format Version 12.00
# Visual Studio Version 16
VisualStudioVersion = 16.0.31911.196
MinimumVisualStudioVersion = 10.0.40219.1
Project("{FAE04EC0-301F-11D3-BF4B-00C04F79EFBC}") = "ApplesandOranges", "ApplesandOranges.csproj", "{32FF28C5-DB12-4C51-99B6-E187241037C3}"
EndProject
Global
	GlobalSection(SolutionConfigurationPlatforms) = preSolution
		Debug|Any CPU = Debug|Any CPU
		Release|Any CPU = Release|Any CPU
	EndGlobalSection
	GlobalSection(ProjectConfigurationPlatforms) = postSolution
		{32FF28C5-DB12-4C51-99B6-E187241037C3}.Debug|Any CPU.ActiveCfg = Debug|Any CPU
		{32FF28C5-DB12-4C51-99B6-E187241037C3}.Debug|Any CPU.Build.0 = Debug|Any CPU
		{32FF28C5-DB12-4C51-99B6-E187241037C3}.Release|Any CPU.ActiveCfg = Release|Any CPU
		{32FF28C5-DB12-4C51-99B6-E187241037C3}.Release|Any CPU.Build.0 = Release|Any CPU
	EndGlobalSection
	GlobalSection(SolutionProperties) = preSolution
		HideSolutionNode = FALSE
	EndGlobalSection
	GlobalSection(ExtensibilityGlobals) = postSolution
		SolutionGuid = {004A3290-4E75-4277-AF99-2033B3630D8B}
	EndGlobalSection
EndGlobal
