
Microsoft Visual Studio Solution File, Format Version 12.00
# Visual Studio Version 17
VisualStudioVersion = 17.0.32014.148
MinimumVisualStudioVersion = 10.0.40219.1
Project("{FAE04EC0-301F-11D3-BF4B-00C04F79EFBC}") = "SweetnSalty", "SweetnSalty.csproj", "{12691B04-DABD-4EDF-81D7-70D6096D44B7}"
EndProject
Global
	GlobalSection(SolutionConfigurationPlatforms) = preSolution
		Debug|Any CPU = Debug|Any CPU
		Release|Any CPU = Release|Any CPU
	EndGlobalSection
	GlobalSection(ProjectConfigurationPlatforms) = postSolution
		{12691B04-DABD-4EDF-81D7-70D6096D44B7}.Debug|Any CPU.ActiveCfg = Debug|Any CPU
		{12691B04-DABD-4EDF-81D7-70D6096D44B7}.Debug|Any CPU.Build.0 = Debug|Any CPU
		{12691B04-DABD-4EDF-81D7-70D6096D44B7}.Release|Any CPU.ActiveCfg = Release|Any CPU
		{12691B04-DABD-4EDF-81D7-70D6096D44B7}.Release|Any CPU.Build.0 = Release|Any CPU
	EndGlobalSection
	GlobalSection(SolutionProperties) = preSolution
		HideSolutionNode = FALSE
	EndGlobalSection
	GlobalSection(ExtensibilityGlobals) = postSolution
		SolutionGuid = {A114774C-F5E9-432E-A543-E3BF87D0BF69}
	EndGlobalSection
EndGlobal
