
Microsoft Visual Studio Solution File, Format Version 12.00
# Visual Studio Version 16
VisualStudioVersion = 16.0.31911.196
MinimumVisualStudioVersion = 10.0.40219.1
Project("{FAE04EC0-301F-11D3-BF4B-00C04F79EFBC}") = "Rock Paper Scissors Demo1", "Rock Paper Scissors Demo1.csproj", "{8CABD46E-8E45-40B6-B0D1-109B67EA156E}"
EndProject
Global
	GlobalSection(SolutionConfigurationPlatforms) = preSolution
		Debug|Any CPU = Debug|Any CPU
		Release|Any CPU = Release|Any CPU
	EndGlobalSection
	GlobalSection(ProjectConfigurationPlatforms) = postSolution
		{8CABD46E-8E45-40B6-B0D1-109B67EA156E}.Debug|Any CPU.ActiveCfg = Debug|Any CPU
		{8CABD46E-8E45-40B6-B0D1-109B67EA156E}.Debug|Any CPU.Build.0 = Debug|Any CPU
		{8CABD46E-8E45-40B6-B0D1-109B67EA156E}.Release|Any CPU.ActiveCfg = Release|Any CPU
		{8CABD46E-8E45-40B6-B0D1-109B67EA156E}.Release|Any CPU.Build.0 = Release|Any CPU
	EndGlobalSection
	GlobalSection(SolutionProperties) = preSolution
		HideSolutionNode = FALSE
	EndGlobalSection
	GlobalSection(ExtensibilityGlobals) = postSolution
		SolutionGuid = {0159E889-D351-448B-B1FD-1AED2482576E}
	EndGlobalSection
EndGlobal
