
Microsoft Visual Studio Solution File, Format Version 12.00
# Visual Studio Version 16
VisualStudioVersion = 16.0.31911.196
MinimumVisualStudioVersion = 10.0.40219.1
Project("{FAE04EC0-301F-11D3-BF4B-00C04F79EFBC}") = "Time Conversion", "Time Conversion.csproj", "{374A43A3-B7CF-42D4-8E81-B9610E4D2508}"
EndProject
Global
	GlobalSection(SolutionConfigurationPlatforms) = preSolution
		Debug|Any CPU = Debug|Any CPU
		Release|Any CPU = Release|Any CPU
	EndGlobalSection
	GlobalSection(ProjectConfigurationPlatforms) = postSolution
		{374A43A3-B7CF-42D4-8E81-B9610E4D2508}.Debug|Any CPU.ActiveCfg = Debug|Any CPU
		{374A43A3-B7CF-42D4-8E81-B9610E4D2508}.Debug|Any CPU.Build.0 = Debug|Any CPU
		{374A43A3-B7CF-42D4-8E81-B9610E4D2508}.Release|Any CPU.ActiveCfg = Release|Any CPU
		{374A43A3-B7CF-42D4-8E81-B9610E4D2508}.Release|Any CPU.Build.0 = Release|Any CPU
	EndGlobalSection
	GlobalSection(SolutionProperties) = preSolution
		HideSolutionNode = FALSE
	EndGlobalSection
	GlobalSection(ExtensibilityGlobals) = postSolution
		SolutionGuid = {5F287AF6-F2BE-4D2D-A412-41CCED7AFE8C}
	EndGlobalSection
EndGlobal
